
Microsoft Visual Studio Solution File, Format Version 12.00
# Visual Studio Version 17
VisualStudioVersion = 17.2.32630.192
MinimumVisualStudioVersion = 10.0.40219.1
Project("{FAE04EC0-301F-11D3-BF4B-00C04F79EFBC}") = "2d array 3 row and 3 column", "2d array 3 row and 3 column\2d array 3 row and 3 column.csproj", "{A7D89ADC-84C3-4F12-90CC-8BB52596D139}"
EndProject
Global
	GlobalSection(SolutionConfigurationPlatforms) = preSolution
		Debug|Any CPU = Debug|Any CPU
		Release|Any CPU = Release|Any CPU
	EndGlobalSection
	GlobalSection(ProjectConfigurationPlatforms) = postSolution
		{A7D89ADC-84C3-4F12-90CC-8BB52596D139}.Debug|Any CPU.ActiveCfg = Debug|Any CPU
		{A7D89ADC-84C3-4F12-90CC-8BB52596D139}.Debug|Any CPU.Build.0 = Debug|Any CPU
		{A7D89ADC-84C3-4F12-90CC-8BB52596D139}.Release|Any CPU.ActiveCfg = Release|Any CPU
		{A7D89ADC-84C3-4F12-90CC-8BB52596D139}.Release|Any CPU.Build.0 = Release|Any CPU
	EndGlobalSection
	GlobalSection(SolutionProperties) = preSolution
		HideSolutionNode = FALSE
	EndGlobalSection
	GlobalSection(ExtensibilityGlobals) = postSolution
		SolutionGuid = {3FB3F8A9-C466-4E0A-8052-D927FF20F313}
	EndGlobalSection
EndGlobal
