
Microsoft Visual Studio Solution File, Format Version 12.00
# Visual Studio Version 17
VisualStudioVersion = 17.2.32630.192
MinimumVisualStudioVersion = 10.0.40219.1
Project("{FAE04EC0-301F-11D3-BF4B-00C04F79EFBC}") = "5 student name", "5 student name\5 student name.csproj", "{76C37565-DBF4-4C81-A843-8C06EAAB307E}"
EndProject
Global
	GlobalSection(SolutionConfigurationPlatforms) = preSolution
		Debug|Any CPU = Debug|Any CPU
		Release|Any CPU = Release|Any CPU
	EndGlobalSection
	GlobalSection(ProjectConfigurationPlatforms) = postSolution
		{76C37565-DBF4-4C81-A843-8C06EAAB307E}.Debug|Any CPU.ActiveCfg = Debug|Any CPU
		{76C37565-DBF4-4C81-A843-8C06EAAB307E}.Debug|Any CPU.Build.0 = Debug|Any CPU
		{76C37565-DBF4-4C81-A843-8C06EAAB307E}.Release|Any CPU.ActiveCfg = Release|Any CPU
		{76C37565-DBF4-4C81-A843-8C06EAAB307E}.Release|Any CPU.Build.0 = Release|Any CPU
	EndGlobalSection
	GlobalSection(SolutionProperties) = preSolution
		HideSolutionNode = FALSE
	EndGlobalSection
	GlobalSection(ExtensibilityGlobals) = postSolution
		SolutionGuid = {23091893-40BE-4B1D-B395-C92CFDC2F41A}
	EndGlobalSection
EndGlobal
