
Microsoft Visual Studio Solution File, Format Version 12.00
# Visual Studio Version 17
VisualStudioVersion = 17.2.32630.192
MinimumVisualStudioVersion = 10.0.40219.1
Project("{FAE04EC0-301F-11D3-BF4B-00C04F79EFBC}") = "accept a number and print table", "accept a number and print table\accept a number and print table.csproj", "{E3985C5B-BBE5-4CBF-8F3F-0812FAA250C7}"
EndProject
Global
	GlobalSection(SolutionConfigurationPlatforms) = preSolution
		Debug|Any CPU = Debug|Any CPU
		Release|Any CPU = Release|Any CPU
	EndGlobalSection
	GlobalSection(ProjectConfigurationPlatforms) = postSolution
		{E3985C5B-BBE5-4CBF-8F3F-0812FAA250C7}.Debug|Any CPU.ActiveCfg = Debug|Any CPU
		{E3985C5B-BBE5-4CBF-8F3F-0812FAA250C7}.Debug|Any CPU.Build.0 = Debug|Any CPU
		{E3985C5B-BBE5-4CBF-8F3F-0812FAA250C7}.Release|Any CPU.ActiveCfg = Release|Any CPU
		{E3985C5B-BBE5-4CBF-8F3F-0812FAA250C7}.Release|Any CPU.Build.0 = Release|Any CPU
	EndGlobalSection
	GlobalSection(SolutionProperties) = preSolution
		HideSolutionNode = FALSE
	EndGlobalSection
	GlobalSection(ExtensibilityGlobals) = postSolution
		SolutionGuid = {9AAAFF91-4AA0-4A55-BB18-95E691A79227}
	EndGlobalSection
EndGlobal
