
Microsoft Visual Studio Solution File, Format Version 12.00
# Visual Studio Version 17
VisualStudioVersion = 17.2.32630.192
MinimumVisualStudioVersion = 10.0.40219.1
Project("{FAE04EC0-301F-11D3-BF4B-00C04F79EFBC}") = "Accept value from user class book", "Accept value from user class book\Accept value from user class book.csproj", "{6CD25F17-B292-48B1-8F29-957DA9C14246}"
EndProject
Global
	GlobalSection(SolutionConfigurationPlatforms) = preSolution
		Debug|Any CPU = Debug|Any CPU
		Release|Any CPU = Release|Any CPU
	EndGlobalSection
	GlobalSection(ProjectConfigurationPlatforms) = postSolution
		{6CD25F17-B292-48B1-8F29-957DA9C14246}.Debug|Any CPU.ActiveCfg = Debug|Any CPU
		{6CD25F17-B292-48B1-8F29-957DA9C14246}.Debug|Any CPU.Build.0 = Debug|Any CPU
		{6CD25F17-B292-48B1-8F29-957DA9C14246}.Release|Any CPU.ActiveCfg = Release|Any CPU
		{6CD25F17-B292-48B1-8F29-957DA9C14246}.Release|Any CPU.Build.0 = Release|Any CPU
	EndGlobalSection
	GlobalSection(SolutionProperties) = preSolution
		HideSolutionNode = FALSE
	EndGlobalSection
	GlobalSection(ExtensibilityGlobals) = postSolution
		SolutionGuid = {59D73CC1-2BCA-4A3F-8908-33620BBC29EA}
	EndGlobalSection
EndGlobal
