
Microsoft Visual Studio Solution File, Format Version 12.00
# Visual Studio Version 17
VisualStudioVersion = 17.2.32630.192
MinimumVisualStudioVersion = 10.0.40219.1
Project("{FAE04EC0-301F-11D3-BF4B-00C04F79EFBC}") = "age", "age\age.csproj", "{8F58D5D6-CFB2-4A91-93FA-41C6DD4F2DDA}"
EndProject
Global
	GlobalSection(SolutionConfigurationPlatforms) = preSolution
		Debug|Any CPU = Debug|Any CPU
		Release|Any CPU = Release|Any CPU
	EndGlobalSection
	GlobalSection(ProjectConfigurationPlatforms) = postSolution
		{8F58D5D6-CFB2-4A91-93FA-41C6DD4F2DDA}.Debug|Any CPU.ActiveCfg = Debug|Any CPU
		{8F58D5D6-CFB2-4A91-93FA-41C6DD4F2DDA}.Debug|Any CPU.Build.0 = Debug|Any CPU
		{8F58D5D6-CFB2-4A91-93FA-41C6DD4F2DDA}.Release|Any CPU.ActiveCfg = Release|Any CPU
		{8F58D5D6-CFB2-4A91-93FA-41C6DD4F2DDA}.Release|Any CPU.Build.0 = Release|Any CPU
	EndGlobalSection
	GlobalSection(SolutionProperties) = preSolution
		HideSolutionNode = FALSE
	EndGlobalSection
	GlobalSection(ExtensibilityGlobals) = postSolution
		SolutionGuid = {0A7F00D6-0BEA-4F09-8346-8DAD667A8FA3}
	EndGlobalSection
EndGlobal
