
Microsoft Visual Studio Solution File, Format Version 12.00
# Visual Studio Version 17
VisualStudioVersion = 17.2.32630.192
MinimumVisualStudioVersion = 10.0.40219.1
Project("{FAE04EC0-301F-11D3-BF4B-00C04F79EFBC}") = "array.sort method", "array.sort method\array.sort method.csproj", "{65C82172-1809-4403-BAFD-492F056B355C}"
EndProject
Global
	GlobalSection(SolutionConfigurationPlatforms) = preSolution
		Debug|Any CPU = Debug|Any CPU
		Release|Any CPU = Release|Any CPU
	EndGlobalSection
	GlobalSection(ProjectConfigurationPlatforms) = postSolution
		{65C82172-1809-4403-BAFD-492F056B355C}.Debug|Any CPU.ActiveCfg = Debug|Any CPU
		{65C82172-1809-4403-BAFD-492F056B355C}.Debug|Any CPU.Build.0 = Debug|Any CPU
		{65C82172-1809-4403-BAFD-492F056B355C}.Release|Any CPU.ActiveCfg = Release|Any CPU
		{65C82172-1809-4403-BAFD-492F056B355C}.Release|Any CPU.Build.0 = Release|Any CPU
	EndGlobalSection
	GlobalSection(SolutionProperties) = preSolution
		HideSolutionNode = FALSE
	EndGlobalSection
	GlobalSection(ExtensibilityGlobals) = postSolution
		SolutionGuid = {160B9655-3AFF-455E-8E74-F2F1B2BC03E7}
	EndGlobalSection
EndGlobal
