
Microsoft Visual Studio Solution File, Format Version 12.00
# Visual Studio Version 17
VisualStudioVersion = 17.2.32630.192
MinimumVisualStudioVersion = 10.0.40219.1
Project("{FAE04EC0-301F-11D3-BF4B-00C04F79EFBC}") = "Assignment class employee without parameter", "Assignment class employee without parameter\Assignment class employee without parameter.csproj", "{298D9D61-2E0F-46B6-9AA3-D9C731D770F0}"
EndProject
Global
	GlobalSection(SolutionConfigurationPlatforms) = preSolution
		Debug|Any CPU = Debug|Any CPU
		Release|Any CPU = Release|Any CPU
	EndGlobalSection
	GlobalSection(ProjectConfigurationPlatforms) = postSolution
		{298D9D61-2E0F-46B6-9AA3-D9C731D770F0}.Debug|Any CPU.ActiveCfg = Debug|Any CPU
		{298D9D61-2E0F-46B6-9AA3-D9C731D770F0}.Debug|Any CPU.Build.0 = Debug|Any CPU
		{298D9D61-2E0F-46B6-9AA3-D9C731D770F0}.Release|Any CPU.ActiveCfg = Release|Any CPU
		{298D9D61-2E0F-46B6-9AA3-D9C731D770F0}.Release|Any CPU.Build.0 = Release|Any CPU
	EndGlobalSection
	GlobalSection(SolutionProperties) = preSolution
		HideSolutionNode = FALSE
	EndGlobalSection
	GlobalSection(ExtensibilityGlobals) = postSolution
		SolutionGuid = {272A7F82-5ECF-4CA7-B109-13F44964EFEC}
	EndGlobalSection
EndGlobal
