
Microsoft Visual Studio Solution File, Format Version 12.00
# Visual Studio Version 17
VisualStudioVersion = 17.2.32630.192
MinimumVisualStudioVersion = 10.0.40219.1
Project("{FAE04EC0-301F-11D3-BF4B-00C04F79EFBC}") = "assignment10", "assignment10\assignment10.csproj", "{4ACCE145-8210-433D-8472-8AB596798103}"
EndProject
Global
	GlobalSection(SolutionConfigurationPlatforms) = preSolution
		Debug|Any CPU = Debug|Any CPU
		Release|Any CPU = Release|Any CPU
	EndGlobalSection
	GlobalSection(ProjectConfigurationPlatforms) = postSolution
		{4ACCE145-8210-433D-8472-8AB596798103}.Debug|Any CPU.ActiveCfg = Debug|Any CPU
		{4ACCE145-8210-433D-8472-8AB596798103}.Debug|Any CPU.Build.0 = Debug|Any CPU
		{4ACCE145-8210-433D-8472-8AB596798103}.Release|Any CPU.ActiveCfg = Release|Any CPU
		{4ACCE145-8210-433D-8472-8AB596798103}.Release|Any CPU.Build.0 = Release|Any CPU
	EndGlobalSection
	GlobalSection(SolutionProperties) = preSolution
		HideSolutionNode = FALSE
	EndGlobalSection
	GlobalSection(ExtensibilityGlobals) = postSolution
		SolutionGuid = {81D2F0D7-8238-4F67-BE85-0BAF80D48D2D}
	EndGlobalSection
EndGlobal
