
Microsoft Visual Studio Solution File, Format Version 12.00
# Visual Studio Version 17
VisualStudioVersion = 17.2.32630.192
MinimumVisualStudioVersion = 10.0.40219.1
Project("{FAE04EC0-301F-11D3-BF4B-00C04F79EFBC}") = "character", "character\character.csproj", "{27574AF1-FB3B-487F-984C-7140A56B07D4}"
EndProject
Global
	GlobalSection(SolutionConfigurationPlatforms) = preSolution
		Debug|Any CPU = Debug|Any CPU
		Release|Any CPU = Release|Any CPU
	EndGlobalSection
	GlobalSection(ProjectConfigurationPlatforms) = postSolution
		{27574AF1-FB3B-487F-984C-7140A56B07D4}.Debug|Any CPU.ActiveCfg = Debug|Any CPU
		{27574AF1-FB3B-487F-984C-7140A56B07D4}.Debug|Any CPU.Build.0 = Debug|Any CPU
		{27574AF1-FB3B-487F-984C-7140A56B07D4}.Release|Any CPU.ActiveCfg = Release|Any CPU
		{27574AF1-FB3B-487F-984C-7140A56B07D4}.Release|Any CPU.Build.0 = Release|Any CPU
	EndGlobalSection
	GlobalSection(SolutionProperties) = preSolution
		HideSolutionNode = FALSE
	EndGlobalSection
	GlobalSection(ExtensibilityGlobals) = postSolution
		SolutionGuid = {DD5D3855-C0B3-4FBA-BC10-F7D21730C06D}
	EndGlobalSection
EndGlobal
