
Microsoft Visual Studio Solution File, Format Version 12.00
# Visual Studio Version 17
VisualStudioVersion = 17.2.32630.192
MinimumVisualStudioVersion = 10.0.40219.1
Project("{FAE04EC0-301F-11D3-BF4B-00C04F79EFBC}") = "class student method getdata 0 ,2,3,4 parameter", "class student method getdata 0 ,2,3,4 parameter\class student method getdata 0 ,2,3,4 parameter.csproj", "{ACA95CF9-13D2-4664-8A98-BD8247DACDED}"
EndProject
Global
	GlobalSection(SolutionConfigurationPlatforms) = preSolution
		Debug|Any CPU = Debug|Any CPU
		Release|Any CPU = Release|Any CPU
	EndGlobalSection
	GlobalSection(ProjectConfigurationPlatforms) = postSolution
		{ACA95CF9-13D2-4664-8A98-BD8247DACDED}.Debug|Any CPU.ActiveCfg = Debug|Any CPU
		{ACA95CF9-13D2-4664-8A98-BD8247DACDED}.Debug|Any CPU.Build.0 = Debug|Any CPU
		{ACA95CF9-13D2-4664-8A98-BD8247DACDED}.Release|Any CPU.ActiveCfg = Release|Any CPU
		{ACA95CF9-13D2-4664-8A98-BD8247DACDED}.Release|Any CPU.Build.0 = Release|Any CPU
	EndGlobalSection
	GlobalSection(SolutionProperties) = preSolution
		HideSolutionNode = FALSE
	EndGlobalSection
	GlobalSection(ExtensibilityGlobals) = postSolution
		SolutionGuid = {3BDC06CB-6B2C-4DEA-9B69-96915DC96DEB}
	EndGlobalSection
EndGlobal
