
Microsoft Visual Studio Solution File, Format Version 12.00
# Visual Studio Version 17
VisualStudioVersion = 17.2.32630.192
MinimumVisualStudioVersion = 10.0.40219.1
Project("{FAE04EC0-301F-11D3-BF4B-00C04F79EFBC}") = "ConsoleApp1", "ConsoleApp1\ConsoleApp1.csproj", "{0723BA55-90C1-476C-92DF-FB8B716BB22A}"
EndProject
Global
	GlobalSection(SolutionConfigurationPlatforms) = preSolution
		Debug|Any CPU = Debug|Any CPU
		Release|Any CPU = Release|Any CPU
	EndGlobalSection
	GlobalSection(ProjectConfigurationPlatforms) = postSolution
		{0723BA55-90C1-476C-92DF-FB8B716BB22A}.Debug|Any CPU.ActiveCfg = Debug|Any CPU
		{0723BA55-90C1-476C-92DF-FB8B716BB22A}.Debug|Any CPU.Build.0 = Debug|Any CPU
		{0723BA55-90C1-476C-92DF-FB8B716BB22A}.Release|Any CPU.ActiveCfg = Release|Any CPU
		{0723BA55-90C1-476C-92DF-FB8B716BB22A}.Release|Any CPU.Build.0 = Release|Any CPU
	EndGlobalSection
	GlobalSection(SolutionProperties) = preSolution
		HideSolutionNode = FALSE
	EndGlobalSection
	GlobalSection(ExtensibilityGlobals) = postSolution
		SolutionGuid = {337879AC-5982-4F46-A2A9-1B2C459CD5AB}
	EndGlobalSection
EndGlobal
