
Microsoft Visual Studio Solution File, Format Version 12.00
# Visual Studio Version 17
VisualStudioVersion = 17.2.32630.192
MinimumVisualStudioVersion = 10.0.40219.1
Project("{FAE04EC0-301F-11D3-BF4B-00C04F79EFBC}") = "class book calling another method from one method", "class book calling another method from one method\class book calling another method from one method.csproj", "{B9E947DE-106F-4B51-BD06-A74BE23DA89D}"
EndProject
Global
	GlobalSection(SolutionConfigurationPlatforms) = preSolution
		Debug|Any CPU = Debug|Any CPU
		Release|Any CPU = Release|Any CPU
	EndGlobalSection
	GlobalSection(ProjectConfigurationPlatforms) = postSolution
		{B9E947DE-106F-4B51-BD06-A74BE23DA89D}.Debug|Any CPU.ActiveCfg = Debug|Any CPU
		{B9E947DE-106F-4B51-BD06-A74BE23DA89D}.Debug|Any CPU.Build.0 = Debug|Any CPU
		{B9E947DE-106F-4B51-BD06-A74BE23DA89D}.Release|Any CPU.ActiveCfg = Release|Any CPU
		{B9E947DE-106F-4B51-BD06-A74BE23DA89D}.Release|Any CPU.Build.0 = Release|Any CPU
	EndGlobalSection
	GlobalSection(SolutionProperties) = preSolution
		HideSolutionNode = FALSE
	EndGlobalSection
	GlobalSection(ExtensibilityGlobals) = postSolution
		SolutionGuid = {D0200C22-FE8B-4B79-BF00-2F69CFD509F5}
	EndGlobalSection
EndGlobal
