
Microsoft Visual Studio Solution File, Format Version 12.00
# Visual Studio Version 17
VisualStudioVersion = 17.2.32630.192
MinimumVisualStudioVersion = 10.0.40219.1
Project("{FAE04EC0-301F-11D3-BF4B-00C04F79EFBC}") = "class circle field radius and area circ", "class circle field radius and area circ\class circle field radius and area circ.csproj", "{200A9B92-E7EF-43D0-AEC7-9BA5ED42A53F}"
EndProject
Global
	GlobalSection(SolutionConfigurationPlatforms) = preSolution
		Debug|Any CPU = Debug|Any CPU
		Release|Any CPU = Release|Any CPU
	EndGlobalSection
	GlobalSection(ProjectConfigurationPlatforms) = postSolution
		{200A9B92-E7EF-43D0-AEC7-9BA5ED42A53F}.Debug|Any CPU.ActiveCfg = Debug|Any CPU
		{200A9B92-E7EF-43D0-AEC7-9BA5ED42A53F}.Debug|Any CPU.Build.0 = Debug|Any CPU
		{200A9B92-E7EF-43D0-AEC7-9BA5ED42A53F}.Release|Any CPU.ActiveCfg = Release|Any CPU
		{200A9B92-E7EF-43D0-AEC7-9BA5ED42A53F}.Release|Any CPU.Build.0 = Release|Any CPU
	EndGlobalSection
	GlobalSection(SolutionProperties) = preSolution
		HideSolutionNode = FALSE
	EndGlobalSection
	GlobalSection(ExtensibilityGlobals) = postSolution
		SolutionGuid = {B7A95EA0-5662-4D4D-A519-B5372CF3CCE9}
	EndGlobalSection
EndGlobal
