
Microsoft Visual Studio Solution File, Format Version 12.00
# Visual Studio Version 17
VisualStudioVersion = 17.2.32630.192
MinimumVisualStudioVersion = 10.0.40219.1
Project("{FAE04EC0-301F-11D3-BF4B-00C04F79EFBC}") = "class book overload with different parameter type", "class book overload with different parameter type\class book overload with different parameter type.csproj", "{EFE65CA8-5339-4993-BA4C-647B88C0652D}"
EndProject
Global
	GlobalSection(SolutionConfigurationPlatforms) = preSolution
		Debug|Any CPU = Debug|Any CPU
		Release|Any CPU = Release|Any CPU
	EndGlobalSection
	GlobalSection(ProjectConfigurationPlatforms) = postSolution
		{EFE65CA8-5339-4993-BA4C-647B88C0652D}.Debug|Any CPU.ActiveCfg = Debug|Any CPU
		{EFE65CA8-5339-4993-BA4C-647B88C0652D}.Debug|Any CPU.Build.0 = Debug|Any CPU
		{EFE65CA8-5339-4993-BA4C-647B88C0652D}.Release|Any CPU.ActiveCfg = Release|Any CPU
		{EFE65CA8-5339-4993-BA4C-647B88C0652D}.Release|Any CPU.Build.0 = Release|Any CPU
	EndGlobalSection
	GlobalSection(SolutionProperties) = preSolution
		HideSolutionNode = FALSE
	EndGlobalSection
	GlobalSection(ExtensibilityGlobals) = postSolution
		SolutionGuid = {BDDAB66C-42E6-423A-A2DF-12A8A26FD48A}
	EndGlobalSection
EndGlobal
