
Microsoft Visual Studio Solution File, Format Version 12.00
# Visual Studio Version 17
VisualStudioVersion = 17.2.32630.192
MinimumVisualStudioVersion = 10.0.40219.1
Project("{FAE04EC0-301F-11D3-BF4B-00C04F79EFBC}") = "clear method", "clear method\clear method.csproj", "{9B9A6BED-9E00-463F-8D72-19BE9B7F0EEC}"
EndProject
Global
	GlobalSection(SolutionConfigurationPlatforms) = preSolution
		Debug|Any CPU = Debug|Any CPU
		Release|Any CPU = Release|Any CPU
	EndGlobalSection
	GlobalSection(ProjectConfigurationPlatforms) = postSolution
		{9B9A6BED-9E00-463F-8D72-19BE9B7F0EEC}.Debug|Any CPU.ActiveCfg = Debug|Any CPU
		{9B9A6BED-9E00-463F-8D72-19BE9B7F0EEC}.Debug|Any CPU.Build.0 = Debug|Any CPU
		{9B9A6BED-9E00-463F-8D72-19BE9B7F0EEC}.Release|Any CPU.ActiveCfg = Release|Any CPU
		{9B9A6BED-9E00-463F-8D72-19BE9B7F0EEC}.Release|Any CPU.Build.0 = Release|Any CPU
	EndGlobalSection
	GlobalSection(SolutionProperties) = preSolution
		HideSolutionNode = FALSE
	EndGlobalSection
	GlobalSection(ExtensibilityGlobals) = postSolution
		SolutionGuid = {4F17CE2A-48C2-4210-BC95-DF994BC86EB2}
	EndGlobalSection
EndGlobal
