
Microsoft Visual Studio Solution File, Format Version 12.00
# Visual Studio Version 17
VisualStudioVersion = 17.2.32630.192
MinimumVisualStudioVersion = 10.0.40219.1
Project("{FAE04EC0-301F-11D3-BF4B-00C04F79EFBC}") = "ConsoleApp1 data hiding", "ConsoleApp1 data hiding\ConsoleApp1 data hiding.csproj", "{EE78387E-8FF4-493E-9D43-78D92CDA40D6}"
EndProject
Global
	GlobalSection(SolutionConfigurationPlatforms) = preSolution
		Debug|Any CPU = Debug|Any CPU
		Release|Any CPU = Release|Any CPU
	EndGlobalSection
	GlobalSection(ProjectConfigurationPlatforms) = postSolution
		{EE78387E-8FF4-493E-9D43-78D92CDA40D6}.Debug|Any CPU.ActiveCfg = Debug|Any CPU
		{EE78387E-8FF4-493E-9D43-78D92CDA40D6}.Debug|Any CPU.Build.0 = Debug|Any CPU
		{EE78387E-8FF4-493E-9D43-78D92CDA40D6}.Release|Any CPU.ActiveCfg = Release|Any CPU
		{EE78387E-8FF4-493E-9D43-78D92CDA40D6}.Release|Any CPU.Build.0 = Release|Any CPU
	EndGlobalSection
	GlobalSection(SolutionProperties) = preSolution
		HideSolutionNode = FALSE
	EndGlobalSection
	GlobalSection(ExtensibilityGlobals) = postSolution
		SolutionGuid = {36573D9A-4AF5-451A-A0CA-92B6B349A82D}
	EndGlobalSection
EndGlobal
