
Microsoft Visual Studio Solution File, Format Version 12.00
# Visual Studio Version 17
VisualStudioVersion = 17.2.32630.192
MinimumVisualStudioVersion = 10.0.40219.1
Project("{FAE04EC0-301F-11D3-BF4B-00C04F79EFBC}") = "ConsoleApp11", "ConsoleApp11\ConsoleApp11.csproj", "{A05CCC68-91DC-4BCC-AF6E-4EF130A80343}"
EndProject
Global
	GlobalSection(SolutionConfigurationPlatforms) = preSolution
		Debug|Any CPU = Debug|Any CPU
		Release|Any CPU = Release|Any CPU
	EndGlobalSection
	GlobalSection(ProjectConfigurationPlatforms) = postSolution
		{A05CCC68-91DC-4BCC-AF6E-4EF130A80343}.Debug|Any CPU.ActiveCfg = Debug|Any CPU
		{A05CCC68-91DC-4BCC-AF6E-4EF130A80343}.Debug|Any CPU.Build.0 = Debug|Any CPU
		{A05CCC68-91DC-4BCC-AF6E-4EF130A80343}.Release|Any CPU.ActiveCfg = Release|Any CPU
		{A05CCC68-91DC-4BCC-AF6E-4EF130A80343}.Release|Any CPU.Build.0 = Release|Any CPU
	EndGlobalSection
	GlobalSection(SolutionProperties) = preSolution
		HideSolutionNode = FALSE
	EndGlobalSection
	GlobalSection(ExtensibilityGlobals) = postSolution
		SolutionGuid = {2EB8A299-F37F-4860-AC6E-2AE841ECE032}
	EndGlobalSection
EndGlobal
