
Microsoft Visual Studio Solution File, Format Version 12.00
# Visual Studio Version 17
VisualStudioVersion = 17.2.32630.192
MinimumVisualStudioVersion = 10.0.40219.1
Project("{FAE04EC0-301F-11D3-BF4B-00C04F79EFBC}") = "Customer get parameter data", "Customer get parameter data\Customer get parameter data.csproj", "{A3065470-5A72-4BAA-8050-29EA7CD17DDD}"
EndProject
Global
	GlobalSection(SolutionConfigurationPlatforms) = preSolution
		Debug|Any CPU = Debug|Any CPU
		Release|Any CPU = Release|Any CPU
	EndGlobalSection
	GlobalSection(ProjectConfigurationPlatforms) = postSolution
		{A3065470-5A72-4BAA-8050-29EA7CD17DDD}.Debug|Any CPU.ActiveCfg = Debug|Any CPU
		{A3065470-5A72-4BAA-8050-29EA7CD17DDD}.Debug|Any CPU.Build.0 = Debug|Any CPU
		{A3065470-5A72-4BAA-8050-29EA7CD17DDD}.Release|Any CPU.ActiveCfg = Release|Any CPU
		{A3065470-5A72-4BAA-8050-29EA7CD17DDD}.Release|Any CPU.Build.0 = Release|Any CPU
	EndGlobalSection
	GlobalSection(SolutionProperties) = preSolution
		HideSolutionNode = FALSE
	EndGlobalSection
	GlobalSection(ExtensibilityGlobals) = postSolution
		SolutionGuid = {3A16E509-E4C9-4D51-95CE-2AE539C0A68D}
	EndGlobalSection
EndGlobal
