
Microsoft Visual Studio Solution File, Format Version 12.00
# Visual Studio Version 17
VisualStudioVersion = 17.3.32804.467
MinimumVisualStudioVersion = 10.0.40219.1
Project("{FAE04EC0-301F-11D3-BF4B-00C04F79EFBC}") = "Assignment5", "Assignment5\Assignment5.csproj", "{FDC7257E-DED0-43D5-8147-24D2FDB71FC2}"
EndProject
Global
	GlobalSection(SolutionConfigurationPlatforms) = preSolution
		Debug|Any CPU = Debug|Any CPU
		Release|Any CPU = Release|Any CPU
	EndGlobalSection
	GlobalSection(ProjectConfigurationPlatforms) = postSolution
		{FDC7257E-DED0-43D5-8147-24D2FDB71FC2}.Debug|Any CPU.ActiveCfg = Debug|Any CPU
		{FDC7257E-DED0-43D5-8147-24D2FDB71FC2}.Debug|Any CPU.Build.0 = Debug|Any CPU
		{FDC7257E-DED0-43D5-8147-24D2FDB71FC2}.Release|Any CPU.ActiveCfg = Release|Any CPU
		{FDC7257E-DED0-43D5-8147-24D2FDB71FC2}.Release|Any CPU.Build.0 = Release|Any CPU
	EndGlobalSection
	GlobalSection(SolutionProperties) = preSolution
		HideSolutionNode = FALSE
	EndGlobalSection
	GlobalSection(ExtensibilityGlobals) = postSolution
		SolutionGuid = {2A51AF51-D2E2-4AD2-B87E-CBD63934C110}
	EndGlobalSection
EndGlobal
