
Microsoft Visual Studio Solution File, Format Version 12.00
# Visual Studio Version 17
VisualStudioVersion = 17.2.32630.192
MinimumVisualStudioVersion = 10.0.40219.1
Project("{FAE04EC0-301F-11D3-BF4B-00C04F79EFBC}") = "Employee getdata and showdata", "Employee getdata and showdata\Employee getdata and showdata.csproj", "{48849D17-0F18-4B10-A50C-D504D4062CFF}"
EndProject
Global
	GlobalSection(SolutionConfigurationPlatforms) = preSolution
		Debug|Any CPU = Debug|Any CPU
		Release|Any CPU = Release|Any CPU
	EndGlobalSection
	GlobalSection(ProjectConfigurationPlatforms) = postSolution
		{48849D17-0F18-4B10-A50C-D504D4062CFF}.Debug|Any CPU.ActiveCfg = Debug|Any CPU
		{48849D17-0F18-4B10-A50C-D504D4062CFF}.Debug|Any CPU.Build.0 = Debug|Any CPU
		{48849D17-0F18-4B10-A50C-D504D4062CFF}.Release|Any CPU.ActiveCfg = Release|Any CPU
		{48849D17-0F18-4B10-A50C-D504D4062CFF}.Release|Any CPU.Build.0 = Release|Any CPU
	EndGlobalSection
	GlobalSection(SolutionProperties) = preSolution
		HideSolutionNode = FALSE
	EndGlobalSection
	GlobalSection(ExtensibilityGlobals) = postSolution
		SolutionGuid = {883A0ACE-106C-4278-B193-5DEF84F4D7CF}
	EndGlobalSection
EndGlobal
