
Microsoft Visual Studio Solution File, Format Version 12.00
# Visual Studio Version 17
VisualStudioVersion = 17.2.32630.192
MinimumVisualStudioVersion = 10.0.40219.1
Project("{FAE04EC0-301F-11D3-BF4B-00C04F79EFBC}") = "Ex. Protected internal Access Specifier", "Ex. Protected internal Access Specifier\Ex. Protected internal Access Specifier.csproj", "{3CB22322-9EB4-4D41-B78C-DAC8A03177A9}"
EndProject
Global
	GlobalSection(SolutionConfigurationPlatforms) = preSolution
		Debug|Any CPU = Debug|Any CPU
		Release|Any CPU = Release|Any CPU
	EndGlobalSection
	GlobalSection(ProjectConfigurationPlatforms) = postSolution
		{3CB22322-9EB4-4D41-B78C-DAC8A03177A9}.Debug|Any CPU.ActiveCfg = Debug|Any CPU
		{3CB22322-9EB4-4D41-B78C-DAC8A03177A9}.Debug|Any CPU.Build.0 = Debug|Any CPU
		{3CB22322-9EB4-4D41-B78C-DAC8A03177A9}.Release|Any CPU.ActiveCfg = Release|Any CPU
		{3CB22322-9EB4-4D41-B78C-DAC8A03177A9}.Release|Any CPU.Build.0 = Release|Any CPU
	EndGlobalSection
	GlobalSection(SolutionProperties) = preSolution
		HideSolutionNode = FALSE
	EndGlobalSection
	GlobalSection(ExtensibilityGlobals) = postSolution
		SolutionGuid = {D6AB0160-5D90-44FD-95F6-8F1FD6D17D1C}
	EndGlobalSection
EndGlobal
