
Microsoft Visual Studio Solution File, Format Version 12.00
# Visual Studio Version 17
VisualStudioVersion = 17.2.32630.192
MinimumVisualStudioVersion = 10.0.40219.1
Project("{FAE04EC0-301F-11D3-BF4B-00C04F79EFBC}") = "getdata displaydata employee", "getdata displaydata employee\getdata displaydata employee.csproj", "{EF8BB200-C0B1-4AD0-968F-2C58317C6B49}"
EndProject
Global
	GlobalSection(SolutionConfigurationPlatforms) = preSolution
		Debug|Any CPU = Debug|Any CPU
		Release|Any CPU = Release|Any CPU
	EndGlobalSection
	GlobalSection(ProjectConfigurationPlatforms) = postSolution
		{EF8BB200-C0B1-4AD0-968F-2C58317C6B49}.Debug|Any CPU.ActiveCfg = Debug|Any CPU
		{EF8BB200-C0B1-4AD0-968F-2C58317C6B49}.Debug|Any CPU.Build.0 = Debug|Any CPU
		{EF8BB200-C0B1-4AD0-968F-2C58317C6B49}.Release|Any CPU.ActiveCfg = Release|Any CPU
		{EF8BB200-C0B1-4AD0-968F-2C58317C6B49}.Release|Any CPU.Build.0 = Release|Any CPU
	EndGlobalSection
	GlobalSection(SolutionProperties) = preSolution
		HideSolutionNode = FALSE
	EndGlobalSection
	GlobalSection(ExtensibilityGlobals) = postSolution
		SolutionGuid = {BCF11A91-C7B8-4EEB-8535-5DD912D8EF3C}
	EndGlobalSection
EndGlobal
