
Microsoft Visual Studio Solution File, Format Version 12.00
# Visual Studio Version 17
VisualStudioVersion = 17.2.32630.192
MinimumVisualStudioVersion = 10.0.40219.1
Project("{FAE04EC0-301F-11D3-BF4B-00C04F79EFBC}") = "getlength method", "getlength method\getlength method.csproj", "{BEE5CF2A-618F-4872-B71D-49AC601D0D9C}"
EndProject
Global
	GlobalSection(SolutionConfigurationPlatforms) = preSolution
		Debug|Any CPU = Debug|Any CPU
		Release|Any CPU = Release|Any CPU
	EndGlobalSection
	GlobalSection(ProjectConfigurationPlatforms) = postSolution
		{BEE5CF2A-618F-4872-B71D-49AC601D0D9C}.Debug|Any CPU.ActiveCfg = Debug|Any CPU
		{BEE5CF2A-618F-4872-B71D-49AC601D0D9C}.Debug|Any CPU.Build.0 = Debug|Any CPU
		{BEE5CF2A-618F-4872-B71D-49AC601D0D9C}.Release|Any CPU.ActiveCfg = Release|Any CPU
		{BEE5CF2A-618F-4872-B71D-49AC601D0D9C}.Release|Any CPU.Build.0 = Release|Any CPU
	EndGlobalSection
	GlobalSection(SolutionProperties) = preSolution
		HideSolutionNode = FALSE
	EndGlobalSection
	GlobalSection(ExtensibilityGlobals) = postSolution
		SolutionGuid = {03CC47B0-F8F4-43BB-AA92-945555C38547}
	EndGlobalSection
EndGlobal
