
Microsoft Visual Studio Solution File, Format Version 12.00
# Visual Studio Version 17
VisualStudioVersion = 17.3.32804.467
MinimumVisualStudioVersion = 10.0.40219.1
Project("{FAE04EC0-301F-11D3-BF4B-00C04F79EFBC}") = "assignment2", "assignment2\assignment2.csproj", "{910244D2-0B8F-429A-B00A-7A8B1E4C82DD}"
EndProject
Global
	GlobalSection(SolutionConfigurationPlatforms) = preSolution
		Debug|Any CPU = Debug|Any CPU
		Release|Any CPU = Release|Any CPU
	EndGlobalSection
	GlobalSection(ProjectConfigurationPlatforms) = postSolution
		{910244D2-0B8F-429A-B00A-7A8B1E4C82DD}.Debug|Any CPU.ActiveCfg = Debug|Any CPU
		{910244D2-0B8F-429A-B00A-7A8B1E4C82DD}.Debug|Any CPU.Build.0 = Debug|Any CPU
		{910244D2-0B8F-429A-B00A-7A8B1E4C82DD}.Release|Any CPU.ActiveCfg = Release|Any CPU
		{910244D2-0B8F-429A-B00A-7A8B1E4C82DD}.Release|Any CPU.Build.0 = Release|Any CPU
	EndGlobalSection
	GlobalSection(SolutionProperties) = preSolution
		HideSolutionNode = FALSE
	EndGlobalSection
	GlobalSection(ExtensibilityGlobals) = postSolution
		SolutionGuid = {C6C9C879-8E3A-4E19-902D-3195D87DC105}
	EndGlobalSection
EndGlobal
