
Microsoft Visual Studio Solution File, Format Version 12.00
# Visual Studio Version 17
VisualStudioVersion = 17.2.32630.192
MinimumVisualStudioVersion = 10.0.40219.1
Project("{FAE04EC0-301F-11D3-BF4B-00C04F79EFBC}") = "greatest_number", "greatest_number\greatest_number.csproj", "{6F22288C-DAA8-4D48-806A-EBE3CD5A8F27}"
EndProject
Global
	GlobalSection(SolutionConfigurationPlatforms) = preSolution
		Debug|Any CPU = Debug|Any CPU
		Release|Any CPU = Release|Any CPU
	EndGlobalSection
	GlobalSection(ProjectConfigurationPlatforms) = postSolution
		{6F22288C-DAA8-4D48-806A-EBE3CD5A8F27}.Debug|Any CPU.ActiveCfg = Debug|Any CPU
		{6F22288C-DAA8-4D48-806A-EBE3CD5A8F27}.Debug|Any CPU.Build.0 = Debug|Any CPU
		{6F22288C-DAA8-4D48-806A-EBE3CD5A8F27}.Release|Any CPU.ActiveCfg = Release|Any CPU
		{6F22288C-DAA8-4D48-806A-EBE3CD5A8F27}.Release|Any CPU.Build.0 = Release|Any CPU
	EndGlobalSection
	GlobalSection(SolutionProperties) = preSolution
		HideSolutionNode = FALSE
	EndGlobalSection
	GlobalSection(ExtensibilityGlobals) = postSolution
		SolutionGuid = {247FA407-EE34-4756-89DF-567600D98694}
	EndGlobalSection
EndGlobal
