
Microsoft Visual Studio Solution File, Format Version 12.00
# Visual Studio Version 17
VisualStudioVersion = 17.3.32804.467
MinimumVisualStudioVersion = 10.0.40219.1
Project("{FAE04EC0-301F-11D3-BF4B-00C04F79EFBC}") = "hierachical inheritance ex", "hierachical inheritance ex\hierachical inheritance ex.csproj", "{0FBB3537-219F-43C9-9116-E8D6D7560737}"
EndProject
Global
	GlobalSection(SolutionConfigurationPlatforms) = preSolution
		Debug|Any CPU = Debug|Any CPU
		Release|Any CPU = Release|Any CPU
	EndGlobalSection
	GlobalSection(ProjectConfigurationPlatforms) = postSolution
		{0FBB3537-219F-43C9-9116-E8D6D7560737}.Debug|Any CPU.ActiveCfg = Debug|Any CPU
		{0FBB3537-219F-43C9-9116-E8D6D7560737}.Debug|Any CPU.Build.0 = Debug|Any CPU
		{0FBB3537-219F-43C9-9116-E8D6D7560737}.Release|Any CPU.ActiveCfg = Release|Any CPU
		{0FBB3537-219F-43C9-9116-E8D6D7560737}.Release|Any CPU.Build.0 = Release|Any CPU
	EndGlobalSection
	GlobalSection(SolutionProperties) = preSolution
		HideSolutionNode = FALSE
	EndGlobalSection
	GlobalSection(ExtensibilityGlobals) = postSolution
		SolutionGuid = {323EA3D4-4D01-4D6C-BB55-9E8F7CD995C6}
	EndGlobalSection
EndGlobal
