
Microsoft Visual Studio Solution File, Format Version 12.00
# Visual Studio Version 17
VisualStudioVersion = 17.2.32630.192
MinimumVisualStudioVersion = 10.0.40219.1
Project("{FAE04EC0-301F-11D3-BF4B-00C04F79EFBC}") = "internal specifier", "internal specifier\internal specifier.csproj", "{E77388D1-B6FB-4875-A06D-56F7DF3A1D22}"
EndProject
Global
	GlobalSection(SolutionConfigurationPlatforms) = preSolution
		Debug|Any CPU = Debug|Any CPU
		Release|Any CPU = Release|Any CPU
	EndGlobalSection
	GlobalSection(ProjectConfigurationPlatforms) = postSolution
		{E77388D1-B6FB-4875-A06D-56F7DF3A1D22}.Debug|Any CPU.ActiveCfg = Debug|Any CPU
		{E77388D1-B6FB-4875-A06D-56F7DF3A1D22}.Debug|Any CPU.Build.0 = Debug|Any CPU
		{E77388D1-B6FB-4875-A06D-56F7DF3A1D22}.Release|Any CPU.ActiveCfg = Release|Any CPU
		{E77388D1-B6FB-4875-A06D-56F7DF3A1D22}.Release|Any CPU.Build.0 = Release|Any CPU
	EndGlobalSection
	GlobalSection(SolutionProperties) = preSolution
		HideSolutionNode = FALSE
	EndGlobalSection
	GlobalSection(ExtensibilityGlobals) = postSolution
		SolutionGuid = {39CE00E7-CB39-4762-B987-CA427EA52DB4}
	EndGlobalSection
EndGlobal
