
Microsoft Visual Studio Solution File, Format Version 12.00
# Visual Studio Version 17
VisualStudioVersion = 17.2.32630.192
MinimumVisualStudioVersion = 10.0.40219.1
Project("{FAE04EC0-301F-11D3-BF4B-00C04F79EFBC}") = "method parameter product", "method parameter product\method parameter product.csproj", "{0406A994-7426-4503-9FD8-93959C9F3E42}"
EndProject
Global
	GlobalSection(SolutionConfigurationPlatforms) = preSolution
		Debug|Any CPU = Debug|Any CPU
		Release|Any CPU = Release|Any CPU
	EndGlobalSection
	GlobalSection(ProjectConfigurationPlatforms) = postSolution
		{0406A994-7426-4503-9FD8-93959C9F3E42}.Debug|Any CPU.ActiveCfg = Debug|Any CPU
		{0406A994-7426-4503-9FD8-93959C9F3E42}.Debug|Any CPU.Build.0 = Debug|Any CPU
		{0406A994-7426-4503-9FD8-93959C9F3E42}.Release|Any CPU.ActiveCfg = Release|Any CPU
		{0406A994-7426-4503-9FD8-93959C9F3E42}.Release|Any CPU.Build.0 = Release|Any CPU
	EndGlobalSection
	GlobalSection(SolutionProperties) = preSolution
		HideSolutionNode = FALSE
	EndGlobalSection
	GlobalSection(ExtensibilityGlobals) = postSolution
		SolutionGuid = {F9D13F0F-6D18-4DC2-B5C3-D74BE45AB019}
	EndGlobalSection
EndGlobal
