
Microsoft Visual Studio Solution File, Format Version 12.00
# Visual Studio Version 17
VisualStudioVersion = 17.3.32804.467
MinimumVisualStudioVersion = 10.0.40219.1
Project("{FAE04EC0-301F-11D3-BF4B-00C04F79EFBC}") = "Assignment16", "Assignment16\Assignment16.csproj", "{3B256401-15F8-4AA7-A8DE-D1A41208A702}"
EndProject
Global
	GlobalSection(SolutionConfigurationPlatforms) = preSolution
		Debug|Any CPU = Debug|Any CPU
		Release|Any CPU = Release|Any CPU
	EndGlobalSection
	GlobalSection(ProjectConfigurationPlatforms) = postSolution
		{3B256401-15F8-4AA7-A8DE-D1A41208A702}.Debug|Any CPU.ActiveCfg = Debug|Any CPU
		{3B256401-15F8-4AA7-A8DE-D1A41208A702}.Debug|Any CPU.Build.0 = Debug|Any CPU
		{3B256401-15F8-4AA7-A8DE-D1A41208A702}.Release|Any CPU.ActiveCfg = Release|Any CPU
		{3B256401-15F8-4AA7-A8DE-D1A41208A702}.Release|Any CPU.Build.0 = Release|Any CPU
	EndGlobalSection
	GlobalSection(SolutionProperties) = preSolution
		HideSolutionNode = FALSE
	EndGlobalSection
	GlobalSection(ExtensibilityGlobals) = postSolution
		SolutionGuid = {9D0D6D95-3A38-4901-921A-B812A5B58DB8}
	EndGlobalSection
EndGlobal
