
Microsoft Visual Studio Solution File, Format Version 12.00
# Visual Studio Version 17
VisualStudioVersion = 17.3.32804.467
MinimumVisualStudioVersion = 10.0.40219.1
Project("{FAE04EC0-301F-11D3-BF4B-00C04F79EFBC}") = "Assignment8", "Assignment8\Assignment8.csproj", "{578FE962-7CF4-417D-91A0-2022E677A9B1}"
EndProject
Global
	GlobalSection(SolutionConfigurationPlatforms) = preSolution
		Debug|Any CPU = Debug|Any CPU
		Release|Any CPU = Release|Any CPU
	EndGlobalSection
	GlobalSection(ProjectConfigurationPlatforms) = postSolution
		{578FE962-7CF4-417D-91A0-2022E677A9B1}.Debug|Any CPU.ActiveCfg = Debug|Any CPU
		{578FE962-7CF4-417D-91A0-2022E677A9B1}.Debug|Any CPU.Build.0 = Debug|Any CPU
		{578FE962-7CF4-417D-91A0-2022E677A9B1}.Release|Any CPU.ActiveCfg = Release|Any CPU
		{578FE962-7CF4-417D-91A0-2022E677A9B1}.Release|Any CPU.Build.0 = Release|Any CPU
	EndGlobalSection
	GlobalSection(SolutionProperties) = preSolution
		HideSolutionNode = FALSE
	EndGlobalSection
	GlobalSection(ExtensibilityGlobals) = postSolution
		SolutionGuid = {2B67A04A-5D02-463F-94B4-203C343729F5}
	EndGlobalSection
EndGlobal
