
Microsoft Visual Studio Solution File, Format Version 12.00
# Visual Studio Version 17
VisualStudioVersion = 17.2.32630.192
MinimumVisualStudioVersion = 10.0.40219.1
Project("{FAE04EC0-301F-11D3-BF4B-00C04F79EFBC}") = "pass the data to class methods Customer", "pass the data to class methods Customer\pass the data to class methods Customer.csproj", "{8088CD1C-3520-4A38-8212-33D73B3A217B}"
EndProject
Global
	GlobalSection(SolutionConfigurationPlatforms) = preSolution
		Debug|Any CPU = Debug|Any CPU
		Release|Any CPU = Release|Any CPU
	EndGlobalSection
	GlobalSection(ProjectConfigurationPlatforms) = postSolution
		{8088CD1C-3520-4A38-8212-33D73B3A217B}.Debug|Any CPU.ActiveCfg = Debug|Any CPU
		{8088CD1C-3520-4A38-8212-33D73B3A217B}.Debug|Any CPU.Build.0 = Debug|Any CPU
		{8088CD1C-3520-4A38-8212-33D73B3A217B}.Release|Any CPU.ActiveCfg = Release|Any CPU
		{8088CD1C-3520-4A38-8212-33D73B3A217B}.Release|Any CPU.Build.0 = Release|Any CPU
	EndGlobalSection
	GlobalSection(SolutionProperties) = preSolution
		HideSolutionNode = FALSE
	EndGlobalSection
	GlobalSection(ExtensibilityGlobals) = postSolution
		SolutionGuid = {88864AEC-B04C-41FC-B519-1A2FADCD9F34}
	EndGlobalSection
EndGlobal
