
Microsoft Visual Studio Solution File, Format Version 12.00
# Visual Studio Version 17
VisualStudioVersion = 17.2.32630.192
MinimumVisualStudioVersion = 10.0.40219.1
Project("{FAE04EC0-301F-11D3-BF4B-00C04F79EFBC}") = "pass by value", "pass by value\pass by value.csproj", "{82E08564-27B9-4AB2-A686-C7403B73115C}"
EndProject
Global
	GlobalSection(SolutionConfigurationPlatforms) = preSolution
		Debug|Any CPU = Debug|Any CPU
		Release|Any CPU = Release|Any CPU
	EndGlobalSection
	GlobalSection(ProjectConfigurationPlatforms) = postSolution
		{82E08564-27B9-4AB2-A686-C7403B73115C}.Debug|Any CPU.ActiveCfg = Debug|Any CPU
		{82E08564-27B9-4AB2-A686-C7403B73115C}.Debug|Any CPU.Build.0 = Debug|Any CPU
		{82E08564-27B9-4AB2-A686-C7403B73115C}.Release|Any CPU.ActiveCfg = Release|Any CPU
		{82E08564-27B9-4AB2-A686-C7403B73115C}.Release|Any CPU.Build.0 = Release|Any CPU
	EndGlobalSection
	GlobalSection(SolutionProperties) = preSolution
		HideSolutionNode = FALSE
	EndGlobalSection
	GlobalSection(ExtensibilityGlobals) = postSolution
		SolutionGuid = {FD1D42EB-E0DF-433B-8AFF-031535804CA5}
	EndGlobalSection
EndGlobal
