
Microsoft Visual Studio Solution File, Format Version 12.00
# Visual Studio Version 17
VisualStudioVersion = 17.2.32630.192
MinimumVisualStudioVersion = 10.0.40219.1
Project("{FAE04EC0-301F-11D3-BF4B-00C04F79EFBC}") = "prime or not using while loop", "prime or not using while loop\prime or not using while loop.csproj", "{E267375E-AC98-4ADC-8150-B73FCADC8A90}"
EndProject
Global
	GlobalSection(SolutionConfigurationPlatforms) = preSolution
		Debug|Any CPU = Debug|Any CPU
		Release|Any CPU = Release|Any CPU
	EndGlobalSection
	GlobalSection(ProjectConfigurationPlatforms) = postSolution
		{E267375E-AC98-4ADC-8150-B73FCADC8A90}.Debug|Any CPU.ActiveCfg = Debug|Any CPU
		{E267375E-AC98-4ADC-8150-B73FCADC8A90}.Debug|Any CPU.Build.0 = Debug|Any CPU
		{E267375E-AC98-4ADC-8150-B73FCADC8A90}.Release|Any CPU.ActiveCfg = Release|Any CPU
		{E267375E-AC98-4ADC-8150-B73FCADC8A90}.Release|Any CPU.Build.0 = Release|Any CPU
	EndGlobalSection
	GlobalSection(SolutionProperties) = preSolution
		HideSolutionNode = FALSE
	EndGlobalSection
	GlobalSection(ExtensibilityGlobals) = postSolution
		SolutionGuid = {64979A21-DB2D-40F9-AA0F-1D36FA7BB36B}
	EndGlobalSection
EndGlobal
