
Microsoft Visual Studio Solution File, Format Version 12.00
# Visual Studio Version 17
VisualStudioVersion = 17.2.32630.192
MinimumVisualStudioVersion = 10.0.40219.1
Project("{FAE04EC0-301F-11D3-BF4B-00C04F79EFBC}") = "Private Access Specifier", "Private Access Specifier\Private Access Specifier.csproj", "{185CFB8F-A611-4600-BF67-E18BD2893864}"
EndProject
Global
	GlobalSection(SolutionConfigurationPlatforms) = preSolution
		Debug|Any CPU = Debug|Any CPU
		Release|Any CPU = Release|Any CPU
	EndGlobalSection
	GlobalSection(ProjectConfigurationPlatforms) = postSolution
		{185CFB8F-A611-4600-BF67-E18BD2893864}.Debug|Any CPU.ActiveCfg = Debug|Any CPU
		{185CFB8F-A611-4600-BF67-E18BD2893864}.Debug|Any CPU.Build.0 = Debug|Any CPU
		{185CFB8F-A611-4600-BF67-E18BD2893864}.Release|Any CPU.ActiveCfg = Release|Any CPU
		{185CFB8F-A611-4600-BF67-E18BD2893864}.Release|Any CPU.Build.0 = Release|Any CPU
	EndGlobalSection
	GlobalSection(SolutionProperties) = preSolution
		HideSolutionNode = FALSE
	EndGlobalSection
	GlobalSection(ExtensibilityGlobals) = postSolution
		SolutionGuid = {07F6F4C7-4819-4ABC-9E77-0A697272B56C}
	EndGlobalSection
EndGlobal
