
Microsoft Visual Studio Solution File, Format Version 12.00
# Visual Studio Version 17
VisualStudioVersion = 17.2.32630.192
MinimumVisualStudioVersion = 10.0.40219.1
Project("{FAE04EC0-301F-11D3-BF4B-00C04F79EFBC}") = "product getdata display data in abcd values", "product getdata display data in abcd values\product getdata display data in abcd values.csproj", "{94F4E42B-CCA3-4861-AF7F-6D412CF51959}"
EndProject
Global
	GlobalSection(SolutionConfigurationPlatforms) = preSolution
		Debug|Any CPU = Debug|Any CPU
		Release|Any CPU = Release|Any CPU
	EndGlobalSection
	GlobalSection(ProjectConfigurationPlatforms) = postSolution
		{94F4E42B-CCA3-4861-AF7F-6D412CF51959}.Debug|Any CPU.ActiveCfg = Debug|Any CPU
		{94F4E42B-CCA3-4861-AF7F-6D412CF51959}.Debug|Any CPU.Build.0 = Debug|Any CPU
		{94F4E42B-CCA3-4861-AF7F-6D412CF51959}.Release|Any CPU.ActiveCfg = Release|Any CPU
		{94F4E42B-CCA3-4861-AF7F-6D412CF51959}.Release|Any CPU.Build.0 = Release|Any CPU
	EndGlobalSection
	GlobalSection(SolutionProperties) = preSolution
		HideSolutionNode = FALSE
	EndGlobalSection
	GlobalSection(ExtensibilityGlobals) = postSolution
		SolutionGuid = {1491F64B-023F-4304-B80E-95FAF616A7EE}
	EndGlobalSection
EndGlobal
