
Microsoft Visual Studio Solution File, Format Version 12.00
# Visual Studio Version 17
VisualStudioVersion = 17.2.32630.192
MinimumVisualStudioVersion = 10.0.40219.1
Project("{FAE04EC0-301F-11D3-BF4B-00C04F79EFBC}") = "Protected Access Specifier", "Protected Access Specifier\Protected Access Specifier.csproj", "{133F4185-416D-4D77-8652-A1CA1CF7EF4A}"
EndProject
Global
	GlobalSection(SolutionConfigurationPlatforms) = preSolution
		Debug|Any CPU = Debug|Any CPU
		Release|Any CPU = Release|Any CPU
	EndGlobalSection
	GlobalSection(ProjectConfigurationPlatforms) = postSolution
		{133F4185-416D-4D77-8652-A1CA1CF7EF4A}.Debug|Any CPU.ActiveCfg = Debug|Any CPU
		{133F4185-416D-4D77-8652-A1CA1CF7EF4A}.Debug|Any CPU.Build.0 = Debug|Any CPU
		{133F4185-416D-4D77-8652-A1CA1CF7EF4A}.Release|Any CPU.ActiveCfg = Release|Any CPU
		{133F4185-416D-4D77-8652-A1CA1CF7EF4A}.Release|Any CPU.Build.0 = Release|Any CPU
	EndGlobalSection
	GlobalSection(SolutionProperties) = preSolution
		HideSolutionNode = FALSE
	EndGlobalSection
	GlobalSection(ExtensibilityGlobals) = postSolution
		SolutionGuid = {1F9AD8D2-E971-4629-AB16-9660CEB4737A}
	EndGlobalSection
EndGlobal
