
Microsoft Visual Studio Solution File, Format Version 12.00
# Visual Studio Version 17
VisualStudioVersion = 17.2.32630.192
MinimumVisualStudioVersion = 10.0.40219.1
Project("{FAE04EC0-301F-11D3-BF4B-00C04F79EFBC}") = "rank and length properties", "rank and length properties\rank and length properties.csproj", "{0016A5DE-B698-4F82-827E-345BEB482BAC}"
EndProject
Global
	GlobalSection(SolutionConfigurationPlatforms) = preSolution
		Debug|Any CPU = Debug|Any CPU
		Release|Any CPU = Release|Any CPU
	EndGlobalSection
	GlobalSection(ProjectConfigurationPlatforms) = postSolution
		{0016A5DE-B698-4F82-827E-345BEB482BAC}.Debug|Any CPU.ActiveCfg = Debug|Any CPU
		{0016A5DE-B698-4F82-827E-345BEB482BAC}.Debug|Any CPU.Build.0 = Debug|Any CPU
		{0016A5DE-B698-4F82-827E-345BEB482BAC}.Release|Any CPU.ActiveCfg = Release|Any CPU
		{0016A5DE-B698-4F82-827E-345BEB482BAC}.Release|Any CPU.Build.0 = Release|Any CPU
	EndGlobalSection
	GlobalSection(SolutionProperties) = preSolution
		HideSolutionNode = FALSE
	EndGlobalSection
	GlobalSection(ExtensibilityGlobals) = postSolution
		SolutionGuid = {8FAEBF6D-6299-44E2-930C-8233E8742F5E}
	EndGlobalSection
EndGlobal
