
Microsoft Visual Studio Solution File, Format Version 12.00
# Visual Studio Version 17
VisualStudioVersion = 17.3.32804.467
MinimumVisualStudioVersion = 10.0.40219.1
Project("{FAE04EC0-301F-11D3-BF4B-00C04F79EFBC}") = "Assignment20", "Assignment20\Assignment20.csproj", "{3D29DD21-FE06-4580-B705-EE2CFF9E67CD}"
EndProject
Global
	GlobalSection(SolutionConfigurationPlatforms) = preSolution
		Debug|Any CPU = Debug|Any CPU
		Release|Any CPU = Release|Any CPU
	EndGlobalSection
	GlobalSection(ProjectConfigurationPlatforms) = postSolution
		{3D29DD21-FE06-4580-B705-EE2CFF9E67CD}.Debug|Any CPU.ActiveCfg = Debug|Any CPU
		{3D29DD21-FE06-4580-B705-EE2CFF9E67CD}.Debug|Any CPU.Build.0 = Debug|Any CPU
		{3D29DD21-FE06-4580-B705-EE2CFF9E67CD}.Release|Any CPU.ActiveCfg = Release|Any CPU
		{3D29DD21-FE06-4580-B705-EE2CFF9E67CD}.Release|Any CPU.Build.0 = Release|Any CPU
	EndGlobalSection
	GlobalSection(SolutionProperties) = preSolution
		HideSolutionNode = FALSE
	EndGlobalSection
	GlobalSection(ExtensibilityGlobals) = postSolution
		SolutionGuid = {C912F0A9-2AA9-4A1D-AA3B-F4E879B4B643}
	EndGlobalSection
EndGlobal
