
Microsoft Visual Studio Solution File, Format Version 12.00
# Visual Studio Version 17
VisualStudioVersion = 17.3.32804.467
MinimumVisualStudioVersion = 10.0.40219.1
Project("{FAE04EC0-301F-11D3-BF4B-00C04F79EFBC}") = "Assignment11", "Assignment11\Assignment11.csproj", "{A9E8B98F-EFD1-4CD1-BF7C-2993EA772E00}"
EndProject
Global
	GlobalSection(SolutionConfigurationPlatforms) = preSolution
		Debug|Any CPU = Debug|Any CPU
		Release|Any CPU = Release|Any CPU
	EndGlobalSection
	GlobalSection(ProjectConfigurationPlatforms) = postSolution
		{A9E8B98F-EFD1-4CD1-BF7C-2993EA772E00}.Debug|Any CPU.ActiveCfg = Debug|Any CPU
		{A9E8B98F-EFD1-4CD1-BF7C-2993EA772E00}.Debug|Any CPU.Build.0 = Debug|Any CPU
		{A9E8B98F-EFD1-4CD1-BF7C-2993EA772E00}.Release|Any CPU.ActiveCfg = Release|Any CPU
		{A9E8B98F-EFD1-4CD1-BF7C-2993EA772E00}.Release|Any CPU.Build.0 = Release|Any CPU
	EndGlobalSection
	GlobalSection(SolutionProperties) = preSolution
		HideSolutionNode = FALSE
	EndGlobalSection
	GlobalSection(ExtensibilityGlobals) = postSolution
		SolutionGuid = {2AADD2D3-BB72-49D5-8AEA-3D8ADF6F5395}
	EndGlobalSection
EndGlobal
