
Microsoft Visual Studio Solution File, Format Version 12.00
# Visual Studio Version 17
VisualStudioVersion = 17.2.32630.192
MinimumVisualStudioVersion = 10.0.40219.1
Project("{FAE04EC0-301F-11D3-BF4B-00C04F79EFBC}") = "user value Product", "user value Product\user value Product.csproj", "{989D8C2B-5919-455E-9FB9-4FD46A4D4887}"
EndProject
Global
	GlobalSection(SolutionConfigurationPlatforms) = preSolution
		Debug|Any CPU = Debug|Any CPU
		Release|Any CPU = Release|Any CPU
	EndGlobalSection
	GlobalSection(ProjectConfigurationPlatforms) = postSolution
		{989D8C2B-5919-455E-9FB9-4FD46A4D4887}.Debug|Any CPU.ActiveCfg = Debug|Any CPU
		{989D8C2B-5919-455E-9FB9-4FD46A4D4887}.Debug|Any CPU.Build.0 = Debug|Any CPU
		{989D8C2B-5919-455E-9FB9-4FD46A4D4887}.Release|Any CPU.ActiveCfg = Release|Any CPU
		{989D8C2B-5919-455E-9FB9-4FD46A4D4887}.Release|Any CPU.Build.0 = Release|Any CPU
	EndGlobalSection
	GlobalSection(SolutionProperties) = preSolution
		HideSolutionNode = FALSE
	EndGlobalSection
	GlobalSection(ExtensibilityGlobals) = postSolution
		SolutionGuid = {B346F53E-EB61-475B-B637-B58426B7B409}
	EndGlobalSection
EndGlobal
